
Microsoft Visual Studio Solution File, Format Version 12.00
# Visual Studio 2012
Project("{2150E333-8FDC-42A3-9474-1A3956D46DE8}") = "build", "build", "{61854809-5257-4A96-891D-738BDD4A6876}"
	ProjectSection(SolutionItems) = preProject
		..\build\Build.proj = ..\build\Build.proj
		..\build\Build.targets = ..\build\Build.targets
		..\build\packages.config = ..\build\packages.config
		..\build\RestoreAndBuild.proj = ..\build\RestoreAndBuild.proj
	EndProjectSection
EndProject
Project("{2150E333-8FDC-42A3-9474-1A3956D46DE8}") = "Solution Items", "Solution Items", "{93E15A05-F2CF-496E-96E1-8A1ACE27B8E8}"
	ProjectSection(SolutionItems) = preProject
		ProductInfo.cs = ProductInfo.cs
		VersionInfo.cs = VersionInfo.cs
	EndProjectSection
EndProject
Project("{2150E333-8FDC-42A3-9474-1A3956D46DE8}") = ".nuget", ".nuget", "{4F240178-CEDC-4B1A-A91F-CFE37AC75A3F}"
	ProjectSection(SolutionItems) = preProject
		.nuget\NuGet.Config = .nuget\NuGet.Config
		.nuget\NuGet.exe = .nuget\NuGet.exe
		.nuget\NuGet.targets = .nuget\NuGet.targets
	EndProjectSection
EndProject
Global
	GlobalSection(SolutionProperties) = preSolution
		HideSolutionNode = FALSE
	EndGlobalSection
EndGlobal
